
Microsoft Visual Studio Solution File, Format Version 12.00
# Visual Studio Version 17
VisualStudioVersion = 17.2.32616.157
MinimumVisualStudioVersion = 10.0.40219.1
Project("{FAE04EC0-301F-11D3-BF4B-00C04F79EFBC}") = "WiiUTexturesTool", "WiiUTexturesTool.csproj", "{9CAD6EE1-FD59-43C6-A97D-A35DDC007806}"
EndProject
Global
	GlobalSection(SolutionConfigurationPlatforms) = preSolution
		Debug|Any CPU = Debug|Any CPU
		Release|Any CPU = Release|Any CPU
	EndGlobalSection
	GlobalSection(ProjectConfigurationPlatforms) = postSolution
		{9CAD6EE1-FD59-43C6-A97D-A35DDC007806}.Debug|Any CPU.ActiveCfg = Debug|Any CPU
		{9CAD6EE1-FD59-43C6-A97D-A35DDC007806}.Debug|Any CPU.Build.0 = Debug|Any CPU
		{9CAD6EE1-FD59-43C6-A97D-A35DDC007806}.Release|Any CPU.ActiveCfg = Release|Any CPU
		{9CAD6EE1-FD59-43C6-A97D-A35DDC007806}.Release|Any CPU.Build.0 = Release|Any CPU
	EndGlobalSection
	GlobalSection(SolutionProperties) = preSolution
		HideSolutionNode = FALSE
	EndGlobalSection
	GlobalSection(ExtensibilityGlobals) = postSolution
		SolutionGuid = {696B6379-7825-4BE9-BD3E-3780F0DE4C89}
	EndGlobalSection
EndGlobal
